
Microsoft Visual Studio Solution File, Format Version 12.00
# Visual Studio 15
VisualStudioVersion = 15.0.28010.2048
MinimumVisualStudioVersion = 10.0.40219.1
Project("{FAE04EC0-301F-11D3-BF4B-00C04F79EFBC}") = "CsSeleniumSample", "CsSeleniumSample\CsSeleniumSample.csproj", "{906F7304-4E6C-47BF-926A-73DD0EDB81ED}"
EndProject
Global
	GlobalSection(SolutionConfigurationPlatforms) = preSolution
		Debug|Any CPU = Debug|Any CPU
		Release|Any CPU = Release|Any CPU
	EndGlobalSection
	GlobalSection(ProjectConfigurationPlatforms) = postSolution
		{906F7304-4E6C-47BF-926A-73DD0EDB81ED}.Debug|Any CPU.ActiveCfg = Debug|Any CPU
		{906F7304-4E6C-47BF-926A-73DD0EDB81ED}.Debug|Any CPU.Build.0 = Debug|Any CPU
		{906F7304-4E6C-47BF-926A-73DD0EDB81ED}.Release|Any CPU.ActiveCfg = Release|Any CPU
		{906F7304-4E6C-47BF-926A-73DD0EDB81ED}.Release|Any CPU.Build.0 = Release|Any CPU
	EndGlobalSection
	GlobalSection(SolutionProperties) = preSolution
		HideSolutionNode = FALSE
	EndGlobalSection
	GlobalSection(ExtensibilityGlobals) = postSolution
		SolutionGuid = {18A44DE8-04D7-4747-95C9-03BD8F12DE48}
	EndGlobalSection
EndGlobal
